# This file is automatically @generated by Cargo.
# It is not intended for manual editing.
version = 3

[[package]]
name = "aho-corasick"
version = "0.7.18"
source = "registry+https://github.com/rust-lang/crates.io-index"
checksum = "1e37cfd5e7657ada45f742d6e99ca5788580b5c529dc78faf11ece6dc702656f"
dependencies = [
 "memchr",
]

[[package]]
name = "atty"
version = "0.2.14"
source = "registry+https://github.com/rust-lang/crates.io-index"
checksum = "d9b39be18770d11421cdb1b9947a45dd3f37e93092cbf377614828a319d5fee8"
dependencies = [
 "hermit-abi",
 "libc",
 "winapi",
]

[[package]]
name = "autocfg"
version = "1.0.1"
source = "registry+https://github.com/rust-lang/crates.io-index"
checksum = "cdb031dd78e28731d87d56cc8ffef4a8f36ca26c38fe2de700543e627f8a464a"

[[package]]
name = "cfg-if"
version = "1.0.0"
source = "registry+https://github.com/rust-lang/crates.io-index"
checksum = "baf1de4339761588bc0619e3cbc0120ee582ebb74b53b4efbf79117bd2da40fd"

[[package]]
name = "claim"
version = "0.5.0"
source = "registry+https://github.com/rust-lang/crates.io-index"
checksum = "f81099d6bb72e1df6d50bb2347224b666a670912bb7f06dbe867a4a070ab3ce8"
dependencies = [
 "autocfg",
]

[[package]]
name = "env_logger"
version = "0.9.0"
source = "registry+https://github.com/rust-lang/crates.io-index"
checksum = "0b2cf0344971ee6c64c31be0d530793fba457d322dfec2810c453d0ef228f9c3"
dependencies = [
 "atty",
 "humantime",
 "log",
 "regex",
 "termcolor",
]

[[package]]
name = "hermit-abi"
version = "0.1.19"
source = "registry+https://github.com/rust-lang/crates.io-index"
checksum = "62b467343b94ba476dcb2500d242dadbb39557df889310ac77c5d99100aaac33"
dependencies = [
 "libc",
]

[[package]]
name = "humantime"
version = "2.1.0"
source = "registry+https://github.com/rust-lang/crates.io-index"
checksum = "9a3a5bfb195931eeb336b2a7b4d761daec841b97f947d34394601737a7bba5e4"

[[package]]
name = "lazy_static"
version = "1.4.0"
source = "registry+https://github.com/rust-lang/crates.io-index"
checksum = "e2abad23fbc42b3700f2f279844dc832adb2b2eb069b2df918f455c4e18cc646"

[[package]]
name = "libc"
version = "0.2.117"
source = "registry+https://github.com/rust-lang/crates.io-index"
checksum = "e74d72e0f9b65b5b4ca49a346af3976df0f9c61d550727f349ecd559f251a26c"

[[package]]
name = "log"
version = "0.4.14"
source = "registry+https://github.com/rust-lang/crates.io-index"
checksum = "51b9bbe6c47d51fc3e1a9b945965946b4c44142ab8792c50835a980d362c2710"
dependencies = [
 "cfg-if",
]

[[package]]
name = "memchr"
version = "2.4.1"
source = "registry+https://github.com/rust-lang/crates.io-index"
checksum = "308cc39be01b73d0d18f82a0e7b2a3df85245f84af96fdddc5d202d27e47b86a"

[[package]]
name = "mime"
version = "0.3.16"
source = "registry+https://github.com/rust-lang/crates.io-index"
checksum = "2a60c7ce501c71e03a9c9c0d35b861413ae925bd979cc7a4e30d060069aaac8d"

[[package]]
name = "mownstr"
version = "0.1.3"
source = "registry+https://github.com/rust-lang/crates.io-index"
checksum = "76aacdf8f9850a9db34e33e35abfc17a29b9577d0eb2cbfaeb734662cacca5b3"

[[package]]
name = "once_cell"
version = "1.9.0"
source = "registry+https://github.com/rust-lang/crates.io-index"
checksum = "da32515d9f6e6e489d7bc9d84c71b060db7247dc035bbe44eac88cf87486d8d5"

[[package]]
name = "oxilangtag"
version = "0.1.2"
source = "registry+https://github.com/rust-lang/crates.io-index"
checksum = "c59b4fef9c3c51e25835de30fe78e570d0ef42dceca0d514c66dca413d505316"

[[package]]
name = "oxiri"
version = "0.2.1"
source = "registry+https://github.com/rust-lang/crates.io-index"
checksum = "a8a8821a5332e388ab8d6436ab703c5744516c11976e2c08702fbc93fe4b3f51"

[[package]]
name = "pin-project-lite"
version = "0.2.8"
source = "registry+https://github.com/rust-lang/crates.io-index"
checksum = "e280fbe77cc62c91527259e9442153f4688736748d24660126286329742b4c6c"

[[package]]
name = "proc-macro2"
version = "1.0.36"
source = "registry+https://github.com/rust-lang/crates.io-index"
checksum = "c7342d5883fbccae1cc37a2353b09c87c9b0f3afd73f5fb9bba687a1f733b029"
dependencies = [
 "unicode-xid",
]

[[package]]
name = "quick-xml"
version = "0.22.0"
source = "registry+https://github.com/rust-lang/crates.io-index"
checksum = "8533f14c8382aaad0d592c812ac3b826162128b65662331e1127b45c3d18536b"
dependencies = [
 "memchr",
]

[[package]]
name = "quote"
version = "1.0.15"
source = "registry+https://github.com/rust-lang/crates.io-index"
checksum = "864d3e96a899863136fc6e99f3d7cae289dafe43bf2c5ac19b70df7210c0a145"
dependencies = [
 "proc-macro2",
]

[[package]]
name = "rdf_dynsyn"
version = "0.1.1"
dependencies = [
 "claim",
 "env_logger",
 "mime",
 "once_cell",
 "rio_api",
 "rio_turtle",
 "rio_xml",
 "sophia_api",
 "sophia_inmem",
 "sophia_rio",
 "sophia_term",
 "sophia_turtle",
 "sophia_xml",
 "test-case",
 "thiserror",
 "tracing",
 "type-map",
]

[[package]]
name = "regex"
version = "1.5.4"
source = "registry+https://github.com/rust-lang/crates.io-index"
checksum = "d07a8629359eb56f1e2fb1652bb04212c072a87ba68546a04065d525673ac461"
dependencies = [
 "aho-corasick",
 "memchr",
 "regex-syntax",
]

[[package]]
name = "regex-syntax"
version = "0.6.25"
source = "registry+https://github.com/rust-lang/crates.io-index"
checksum = "f497285884f3fcff424ffc933e56d7cbca511def0c9831a7f9b5f6153e3cc89b"

[[package]]
name = "resiter"
version = "0.4.0"
source = "registry+https://github.com/rust-lang/crates.io-index"
checksum = "bd69ab1e90258b7769f0b5c46bfd802b8206d0707ced4ca4b9d5681b744de1be"

[[package]]
name = "rio_api"
version = "0.6.2"
source = "registry+https://github.com/rust-lang/crates.io-index"
checksum = "6ed96d73ad4e0de59e667b26c899930c90912cad3fec5f0291fc3171c90dacae"

[[package]]
name = "rio_turtle"
version = "0.6.2"
source = "registry+https://github.com/rust-lang/crates.io-index"
checksum = "1945ea5cf5f489bd2cbafeb705686abdc94edfa9dd88a63a25e8c5c0d38f9cc2"
dependencies = [
 "oxilangtag",
 "oxiri",
 "rio_api",
]

[[package]]
name = "rio_xml"
version = "0.6.2"
source = "registry+https://github.com/rust-lang/crates.io-index"
checksum = "6627c31020654c595ca89c4f2472cb28fc493a160f8a110bd5e978f66a9e6bdb"
dependencies = [
 "oxilangtag",
 "oxiri",
 "quick-xml",
 "rio_api",
]

[[package]]
name = "rustc-hash"
version = "1.1.0"
source = "registry+https://github.com/rust-lang/crates.io-index"
checksum = "08d43f7aa6b08d49f382cde6a7982047c3426db949b1424bc4b7ec9ae12c6ce2"

[[package]]
name = "sophia_api"
version = "0.7.2"
source = "registry+https://github.com/rust-lang/crates.io-index"
checksum = "aad03aad8253bd0f7c5423da4a1aaf4b18e5856b40e8841063ba5226cebc5efb"
dependencies = [
 "lazy_static",
 "mownstr",
 "regex",
 "resiter",
 "sophia_iri",
 "thiserror",
]

[[package]]
name = "sophia_indexed"
version = "0.7.2"
source = "registry+https://github.com/rust-lang/crates.io-index"
checksum = "f8385acd3ff5e36a22fe4f6d308a10a66b87bbb437bcab096c1d88d522b05ece"
dependencies = [
 "sophia_api",
 "sophia_term",
]

[[package]]
name = "sophia_inmem"
version = "0.7.2"
source = "registry+https://github.com/rust-lang/crates.io-index"
checksum = "28f09086332b823c4d8fa2365987cf881f1c6a9b139991db78c09729a5a3442c"
dependencies = [
 "sophia_api",
 "sophia_indexed",
 "sophia_term",
]

[[package]]
name = "sophia_iri"
version = "0.7.2"
source = "registry+https://github.com/rust-lang/crates.io-index"
checksum = "ecf2b1953a03e53c8cbfb029646be5b75c7e3a83cde8ef16ffe185c471093437"
dependencies = [
 "lazy_static",
 "mownstr",
 "regex",
 "thiserror",
]

[[package]]
name = "sophia_rio"
version = "0.7.2"
source = "registry+https://github.com/rust-lang/crates.io-index"
checksum = "fbdcd2f32812619d11e0c531ce35f6d2704fa354dec97ca4072872744d042311"
dependencies = [
 "rio_api",
 "sophia_api",
]

[[package]]
name = "sophia_term"
version = "0.7.2"
source = "registry+https://github.com/rust-lang/crates.io-index"
checksum = "9d21426110f6c45ba6f6a0f5354b4d201cc42a00d2550f7c7ca26e6d6ba89490"
dependencies = [
 "lazy_static",
 "mownstr",
 "oxilangtag",
 "regex",
 "sophia_api",
 "sophia_iri",
 "thiserror",
 "weak-table",
]

[[package]]
name = "sophia_turtle"
version = "0.7.2"
source = "registry+https://github.com/rust-lang/crates.io-index"
checksum = "d31f4522a1fb3a49144c20f3cce6a00e1d6c33b5552c0338311868cbb62c7f5d"
dependencies = [
 "lazy_static",
 "oxiri",
 "regex",
 "rio_api",
 "rio_turtle",
 "sophia_api",
 "sophia_indexed",
 "sophia_inmem",
 "sophia_iri",
 "sophia_rio",
 "sophia_term",
 "thiserror",
]

[[package]]
name = "sophia_xml"
version = "0.7.2"
source = "registry+https://github.com/rust-lang/crates.io-index"
checksum = "1f64df5ecec1a1c500e605aad990a6caa2a38b0a8d1cdc91fca9af8b20ef5d20"
dependencies = [
 "oxiri",
 "rio_xml",
 "sophia_api",
 "sophia_rio",
]

[[package]]
name = "syn"
version = "1.0.86"
source = "registry+https://github.com/rust-lang/crates.io-index"
checksum = "8a65b3f4ffa0092e9887669db0eae07941f023991ab58ea44da8fe8e2d511c6b"
dependencies = [
 "proc-macro2",
 "quote",
 "unicode-xid",
]

[[package]]
name = "termcolor"
version = "1.1.2"
source = "registry+https://github.com/rust-lang/crates.io-index"
checksum = "2dfed899f0eb03f32ee8c6a0aabdb8a7949659e3466561fc0adf54e26d88c5f4"
dependencies = [
 "winapi-util",
]

[[package]]
name = "test-case"
version = "1.2.1"
source = "registry+https://github.com/rust-lang/crates.io-index"
checksum = "c7cad0a06f9a61e94355aa3b3dc92d85ab9c83406722b1ca5e918d4297c12c23"
dependencies = [
 "cfg-if",
 "proc-macro2",
 "quote",
 "syn",
 "version_check",
]

[[package]]
name = "thiserror"
version = "1.0.30"
source = "registry+https://github.com/rust-lang/crates.io-index"
checksum = "854babe52e4df1653706b98fcfc05843010039b406875930a70e4d9644e5c417"
dependencies = [
 "thiserror-impl",
]

[[package]]
name = "thiserror-impl"
version = "1.0.30"
source = "registry+https://github.com/rust-lang/crates.io-index"
checksum = "aa32fd3f627f367fe16f893e2597ae3c05020f8bba2666a4e6ea73d377e5714b"
dependencies = [
 "proc-macro2",
 "quote",
 "syn",
]

[[package]]
name = "tracing"
version = "0.1.30"
source = "registry+https://github.com/rust-lang/crates.io-index"
checksum = "2d8d93354fe2a8e50d5953f5ae2e47a3fc2ef03292e7ea46e3cc38f549525fb9"
dependencies = [
 "cfg-if",
 "log",
 "pin-project-lite",
 "tracing-attributes",
 "tracing-core",
]

[[package]]
name = "tracing-attributes"
version = "0.1.19"
source = "registry+https://github.com/rust-lang/crates.io-index"
checksum = "8276d9a4a3a558d7b7ad5303ad50b53d58264641b82914b7ada36bd762e7a716"
dependencies = [
 "proc-macro2",
 "quote",
 "syn",
]

[[package]]
name = "tracing-core"
version = "0.1.22"
source = "registry+https://github.com/rust-lang/crates.io-index"
checksum = "03cfcb51380632a72d3111cb8d3447a8d908e577d31beeac006f836383d29a23"
dependencies = [
 "lazy_static",
]

[[package]]
name = "type-map"
version = "0.5.0"
source = "registry+https://github.com/rust-lang/crates.io-index"
checksum = "deb68604048ff8fa93347f02441e4487594adc20bb8a084f9e564d2b827a0a9f"
dependencies = [
 "rustc-hash",
]

[[package]]
name = "unicode-xid"
version = "0.2.2"
source = "registry+https://github.com/rust-lang/crates.io-index"
checksum = "8ccb82d61f80a663efe1f787a51b16b5a51e3314d6ac365b08639f52387b33f3"

[[package]]
name = "version_check"
version = "0.9.4"
source = "registry+https://github.com/rust-lang/crates.io-index"
checksum = "49874b5167b65d7193b8aba1567f5c7d93d001cafc34600cee003eda787e483f"

[[package]]
name = "weak-table"
version = "0.3.2"
source = "registry+https://github.com/rust-lang/crates.io-index"
checksum = "323f4da9523e9a669e1eaf9c6e763892769b1d38c623913647bfdc1532fe4549"

[[package]]
name = "winapi"
version = "0.3.9"
source = "registry+https://github.com/rust-lang/crates.io-index"
checksum = "5c839a674fcd7a98952e593242ea400abe93992746761e38641405d28b00f419"
dependencies = [
 "winapi-i686-pc-windows-gnu",
 "winapi-x86_64-pc-windows-gnu",
]

[[package]]
name = "winapi-i686-pc-windows-gnu"
version = "0.4.0"
source = "registry+https://github.com/rust-lang/crates.io-index"
checksum = "ac3b87c63620426dd9b991e5ce0329eff545bccbbb34f3be09ff6fb6ab51b7b6"

[[package]]
name = "winapi-util"
version = "0.1.5"
source = "registry+https://github.com/rust-lang/crates.io-index"
checksum = "70ec6ce85bb158151cae5e5c87f95a8e97d2c0c4b001223f33a334e3ce5de178"
dependencies = [
 "winapi",
]

[[package]]
name = "winapi-x86_64-pc-windows-gnu"
version = "0.4.0"
source = "registry+https://github.com/rust-lang/crates.io-index"
checksum = "712e227841d057c1ee1cd2fb22fa7e5a5461ae8e48fa2ca79ec42cfc1931183f"
